// !$*UTF8*$!
{
	archiveVersion = 1;
	classes = {
	};
	objectVersion = 46;
	objects = {

/* Begin PBXBuildFile section */
		0632EDD41CA1A6DB00DD3CB8 /* Parse+LiveQuery.swift in Sources */ = {isa = PBXBuildFile; fileRef = 0632EDD31CA1A6DB00DD3CB8 /* Parse+LiveQuery.swift */; };
		0632EDD51CA1A6DB00DD3CB8 /* Parse+LiveQuery.swift in Sources */ = {isa = PBXBuildFile; fileRef = 0632EDD31CA1A6DB00DD3CB8 /* Parse+LiveQuery.swift */; };
		094AE8F01E25ADF300F408BC /* libicucore.tbd in Frameworks */ = {isa = PBXBuildFile; fileRef = 094AE8EF1E25ADF300F408BC /* libicucore.tbd */; };
		094AE8F21E25AE0500F408BC /* CFNetwork.framework in Frameworks */ = {isa = PBXBuildFile; fileRef = 094AE8F11E25AE0500F408BC /* CFNetwork.framework */; };
		094AE8F41E25AE1100F408BC /* Security.framework in Frameworks */ = {isa = PBXBuildFile; fileRef = 094AE8F31E25AE1100F408BC /* Security.framework */; };
		094AE8F61E25AE1C00F408BC /* Foundation.framework in Frameworks */ = {isa = PBXBuildFile; fileRef = 094AE8F51E25AE1C00F408BC /* Foundation.framework */; };
		094AE9001E25AF3100F408BC /* libicucore.tbd in Frameworks */ = {isa = PBXBuildFile; fileRef = 094AE8FF1E25AF3100F408BC /* libicucore.tbd */; };
		094AE9021E25AF3A00F408BC /* Foundation.framework in Frameworks */ = {isa = PBXBuildFile; fileRef = 094AE9011E25AF3A00F408BC /* Foundation.framework */; };
		094AE9041E25AF4300F408BC /* Security.framework in Frameworks */ = {isa = PBXBuildFile; fileRef = 094AE9031E25AF4300F408BC /* Security.framework */; };
		094AE9061E25AF5A00F408BC /* CFNetwork.framework in Frameworks */ = {isa = PBXBuildFile; fileRef = 094AE9051E25AF5A00F408BC /* CFNetwork.framework */; };
		09A31C851E25C5100037C3BC /* Parse.framework in Frameworks */ = {isa = PBXBuildFile; fileRef = 09A31C841E25C5100037C3BC /* Parse.framework */; };
		09C9FCE31E25D07B00369AA6 /* Bolts.framework in Frameworks */ = {isa = PBXBuildFile; fileRef = 09C9FCE11E25C9BA00369AA6 /* Bolts.framework */; };
		09C9FCE41E25D08400369AA6 /* BoltsSwift.framework in Frameworks */ = {isa = PBXBuildFile; fileRef = 09A31C7E1E25C2000037C3BC /* BoltsSwift.framework */; };
		09C9FCE51E25D08D00369AA6 /* SocketRocket.framework in Frameworks */ = {isa = PBXBuildFile; fileRef = 09A31C821E25C2890037C3BC /* SocketRocket.framework */; };
		09D80FD11E26BC7800AC7A2D /* Parse.framework in Frameworks */ = {isa = PBXBuildFile; fileRef = 09A31C7A1E25C18E0037C3BC /* Parse.framework */; };
		09D80FD41E26BCF500AC7A2D /* SocketRocket.framework in Frameworks */ = {isa = PBXBuildFile; fileRef = 09A31C861E25C5710037C3BC /* SocketRocket.framework */; };
		09D80FD51E26BD7900AC7A2D /* Bolts.framework in Frameworks */ = {isa = PBXBuildFile; fileRef = 09C9FCDF1E25C99400369AA6 /* Bolts.framework */; };
		09D80FD61E26BD9100AC7A2D /* BoltsSwift.framework in Frameworks */ = {isa = PBXBuildFile; fileRef = 09A31C8A1E25C5C60037C3BC /* BoltsSwift.framework */; };
		09D80FD81E26BF0500AC7A2D /* libsqlite3.tbd in Frameworks */ = {isa = PBXBuildFile; fileRef = 09D80FD71E26BF0500AC7A2D /* libsqlite3.tbd */; };
		09D80FDA1E26BFAA00AC7A2D /* AudioToolbox.framework in Frameworks */ = {isa = PBXBuildFile; fileRef = 09D80FD91E26BFAA00AC7A2D /* AudioToolbox.framework */; };
		09D80FDC1E26C02600AC7A2D /* SystemConfiguration.framework in Frameworks */ = {isa = PBXBuildFile; fileRef = 09D80FDB1E26C02600AC7A2D /* SystemConfiguration.framework */; };
		09D80FDE1E26C03E00AC7A2D /* SystemConfiguration.framework in Frameworks */ = {isa = PBXBuildFile; fileRef = 09D80FDD1E26C03E00AC7A2D /* SystemConfiguration.framework */; };
		09D80FE01E26C04800AC7A2D /* AudioToolbox.framework in Frameworks */ = {isa = PBXBuildFile; fileRef = 09D80FDF1E26C04800AC7A2D /* AudioToolbox.framework */; };
		09D80FE21E26C05200AC7A2D /* libsqlite3.tbd in Frameworks */ = {isa = PBXBuildFile; fileRef = 09D80FE11E26C05200AC7A2D /* libsqlite3.tbd */; };
		4A819D9D1D937866009C0F61 /* ObjCCompat.swift in Sources */ = {isa = PBXBuildFile; fileRef = F54D58B51C8E33D9009F8D6C /* ObjCCompat.swift */; };
		4A819D9E1D93786A009C0F61 /* ObjCCompat.swift in Sources */ = {isa = PBXBuildFile; fileRef = F54D58B51C8E33D9009F8D6C /* ObjCCompat.swift */; };
		F534A5B21BDAFE0200CBD11A /* Subscription.swift in Sources */ = {isa = PBXBuildFile; fileRef = F534A5B11BDAFE0200CBD11A /* Subscription.swift */; };
		F534A5B41BDB09CE00CBD11A /* Operation.swift in Sources */ = {isa = PBXBuildFile; fileRef = F534A5B31BDB09CE00CBD11A /* Operation.swift */; };
		F54D58B81C8E3446009F8D6C /* ClientPrivate.swift in Sources */ = {isa = PBXBuildFile; fileRef = F54D58B71C8E3446009F8D6C /* ClientPrivate.swift */; };
		F54D58BA1C8E345F009F8D6C /* BoltsHelpers.swift in Sources */ = {isa = PBXBuildFile; fileRef = F54D58B91C8E345F009F8D6C /* BoltsHelpers.swift */; };
		F59CA92F1C8E496200329737 /* Errors.swift in Sources */ = {isa = PBXBuildFile; fileRef = F59CA92E1C8E496200329737 /* Errors.swift */; };
		F5A88F4A1C9B6EBA002F0E0D /* PFQuery+Subscribe.swift in Sources */ = {isa = PBXBuildFile; fileRef = F5A88F491C9B6EBA002F0E0D /* PFQuery+Subscribe.swift */; };
		F5A88F4E1C9B7341002F0E0D /* QueryEncoder.swift in Sources */ = {isa = PBXBuildFile; fileRef = F5591BA91BD97BB70072F966 /* QueryEncoder.swift */; };
		F5A88F4F1C9B7341002F0E0D /* Operation.swift in Sources */ = {isa = PBXBuildFile; fileRef = F534A5B31BDB09CE00CBD11A /* Operation.swift */; };
		F5A88F501C9B7341002F0E0D /* ClientPrivate.swift in Sources */ = {isa = PBXBuildFile; fileRef = F54D58B71C8E3446009F8D6C /* ClientPrivate.swift */; };
		F5A88F511C9B7341002F0E0D /* BoltsHelpers.swift in Sources */ = {isa = PBXBuildFile; fileRef = F54D58B91C8E345F009F8D6C /* BoltsHelpers.swift */; };
		F5A88F521C9B7341002F0E0D /* Client.swift in Sources */ = {isa = PBXBuildFile; fileRef = F5591BA31BD720E10072F966 /* Client.swift */; };
		F5A88F531C9B7341002F0E0D /* Subscription.swift in Sources */ = {isa = PBXBuildFile; fileRef = F534A5B11BDAFE0200CBD11A /* Subscription.swift */; };
		F5A88F551C9B7341002F0E0D /* Errors.swift in Sources */ = {isa = PBXBuildFile; fileRef = F59CA92E1C8E496200329737 /* Errors.swift */; };
		F5A88F561C9B7341002F0E0D /* PFQuery+Subscribe.swift in Sources */ = {isa = PBXBuildFile; fileRef = F5A88F491C9B6EBA002F0E0D /* PFQuery+Subscribe.swift */; };
		F5D965351BD99DA200C3AAFC /* Client.swift in Sources */ = {isa = PBXBuildFile; fileRef = F5591BA31BD720E10072F966 /* Client.swift */; };
		F5D965381BD99DA200C3AAFC /* QueryEncoder.swift in Sources */ = {isa = PBXBuildFile; fileRef = F5591BA91BD97BB70072F966 /* QueryEncoder.swift */; };
/* End PBXBuildFile section */

/* Begin PBXContainerItemProxy section */
		090FFBB31E26F14F0010EC2E /* PBXContainerItemProxy */ = {
			isa = PBXContainerItemProxy;
			containerPortal = 090FFBA71E26F14F0010EC2E /* Parse.xcodeproj */;
			proxyType = 2;
			remoteGlobalIDString = 81C3821C19CCA89E0066284A;
			remoteInfo = "Parse-iOS";
		};
		090FFBB51E26F14F0010EC2E /* PBXContainerItemProxy */ = {
			isa = PBXContainerItemProxy;
			containerPortal = 090FFBA71E26F14F0010EC2E /* Parse.xcodeproj */;
			proxyType = 2;
			remoteGlobalIDString = 81C5845D1C3B0A98000063C6;
			remoteInfo = "Parse-iOS-Dynamic";
		};
		090FFBB71E26F14F0010EC2E /* PBXContainerItemProxy */ = {
			isa = PBXContainerItemProxy;
			containerPortal = 090FFBA71E26F14F0010EC2E /* Parse.xcodeproj */;
			proxyType = 2;
			remoteGlobalIDString = 816F449B1A8E8933009CDB32;
			remoteInfo = "ParseUnitTests-iOS";
		};
		090FFBB91E26F14F0010EC2E /* PBXContainerItemProxy */ = {
			isa = PBXContainerItemProxy;
			containerPortal = 090FFBA71E26F14F0010EC2E /* Parse.xcodeproj */;
			proxyType = 2;
			remoteGlobalIDString = 97010FAC1630B18F00AB761E;
			remoteInfo = "Parse-macOS";
		};
		090FFBBB1E26F14F0010EC2E /* PBXContainerItemProxy */ = {
			isa = PBXContainerItemProxy;
			containerPortal = 090FFBA71E26F14F0010EC2E /* Parse.xcodeproj */;
			proxyType = 2;
			remoteGlobalIDString = 81C09F861AF97A490043B49C;
			remoteInfo = "ParseUnitTests-macOS";
		};
		090FFBBD1E26F14F0010EC2E /* PBXContainerItemProxy */ = {
			isa = PBXContainerItemProxy;
			containerPortal = 090FFBA71E26F14F0010EC2E /* Parse.xcodeproj */;
			proxyType = 2;
			remoteGlobalIDString = 815F24151BD04D150054659F;
			remoteInfo = "Parse-tvOS";
		};
		090FFBBF1E26F14F0010EC2E /* PBXContainerItemProxy */ = {
			isa = PBXContainerItemProxy;
			containerPortal = 090FFBA71E26F14F0010EC2E /* Parse.xcodeproj */;
			proxyType = 2;
			remoteGlobalIDString = 81C585BF1C3B0AA1000063C6;
			remoteInfo = "Parse-tvOS-Dynamic";
		};
		090FFBC11E26F14F0010EC2E /* PBXContainerItemProxy */ = {
			isa = PBXContainerItemProxy;
			containerPortal = 090FFBA71E26F14F0010EC2E /* Parse.xcodeproj */;
			proxyType = 2;
			remoteGlobalIDString = 810156691BB3832700D7C7BD;
			remoteInfo = "Parse-watchOS";
		};
		090FFBC31E26F14F0010EC2E /* PBXContainerItemProxy */ = {
			isa = PBXContainerItemProxy;
			containerPortal = 090FFBA71E26F14F0010EC2E /* Parse.xcodeproj */;
			proxyType = 2;
			remoteGlobalIDString = 81C5870F1C3B0AA9000063C6;
			remoteInfo = "Parse-watchOS-Dynamic";
		};
		090FFBC51E26F1730010EC2E /* PBXContainerItemProxy */ = {
			isa = PBXContainerItemProxy;
			containerPortal = 090FFBA71E26F14F0010EC2E /* Parse.xcodeproj */;
			proxyType = 1;
			remoteGlobalIDString = 81C582E11C3B0A98000063C6;
			remoteInfo = "Parse-iOS-Dynamic";
		};
/* End PBXContainerItemProxy section */

/* Begin PBXFileReference section */
		0632EDD31CA1A6DB00DD3CB8 /* Parse+LiveQuery.swift */ = {isa = PBXFileReference; fileEncoding = 4; lastKnownFileType = sourcecode.swift; path = "Parse+LiveQuery.swift"; sourceTree = "<group>"; };
		090FFBA71E26F14F0010EC2E /* Parse.xcodeproj */ = {isa = PBXFileReference; lastKnownFileType = "wrapper.pb-project"; name = Parse.xcodeproj; path = "../Carthage/Checkouts/Parse-SDK-iOS-OSX/Parse.xcodeproj"; sourceTree = "<group>"; };
		094AE8EF1E25ADF300F408BC /* libicucore.tbd */ = {isa = PBXFileReference; lastKnownFileType = "sourcecode.text-based-dylib-definition"; name = libicucore.tbd; path = Platforms/iPhoneOS.platform/Developer/SDKs/iPhoneOS10.2.sdk/usr/lib/libicucore.tbd; sourceTree = DEVELOPER_DIR; };
		094AE8F11E25AE0500F408BC /* CFNetwork.framework */ = {isa = PBXFileReference; lastKnownFileType = wrapper.framework; name = CFNetwork.framework; path = Platforms/iPhoneOS.platform/Developer/SDKs/iPhoneOS10.2.sdk/System/Library/Frameworks/CFNetwork.framework; sourceTree = DEVELOPER_DIR; };
		094AE8F31E25AE1100F408BC /* Security.framework */ = {isa = PBXFileReference; lastKnownFileType = wrapper.framework; name = Security.framework; path = Platforms/iPhoneOS.platform/Developer/SDKs/iPhoneOS10.2.sdk/System/Library/Frameworks/Security.framework; sourceTree = DEVELOPER_DIR; };
		094AE8F51E25AE1C00F408BC /* Foundation.framework */ = {isa = PBXFileReference; lastKnownFileType = wrapper.framework; name = Foundation.framework; path = Platforms/iPhoneOS.platform/Developer/SDKs/iPhoneOS10.2.sdk/System/Library/Frameworks/Foundation.framework; sourceTree = DEVELOPER_DIR; };
		094AE8FF1E25AF3100F408BC /* libicucore.tbd */ = {isa = PBXFileReference; lastKnownFileType = "sourcecode.text-based-dylib-definition"; name = libicucore.tbd; path = usr/lib/libicucore.tbd; sourceTree = SDKROOT; };
		094AE9011E25AF3A00F408BC /* Foundation.framework */ = {isa = PBXFileReference; lastKnownFileType = wrapper.framework; name = Foundation.framework; path = System/Library/Frameworks/Foundation.framework; sourceTree = SDKROOT; };
		094AE9031E25AF4300F408BC /* Security.framework */ = {isa = PBXFileReference; lastKnownFileType = wrapper.framework; name = Security.framework; path = System/Library/Frameworks/Security.framework; sourceTree = SDKROOT; };
		094AE9051E25AF5A00F408BC /* CFNetwork.framework */ = {isa = PBXFileReference; lastKnownFileType = wrapper.framework; name = CFNetwork.framework; path = ../../../../../../../../../../Applications/Xcode.app/Contents/Developer/Platforms/MacOSX.platform/Developer/SDKs/MacOSX10.12.sdk/System/Library/Frameworks/CFNetwork.framework; sourceTree = BUILT_PRODUCTS_DIR; };
		09A31C7A1E25C18E0037C3BC /* Parse.framework */ = {isa = PBXFileReference; lastKnownFileType = wrapper.framework; name = Parse.framework; path = "../Release-iphoneos/Parse.framework"; sourceTree = BUILT_PRODUCTS_DIR; };
		09A31C7E1E25C2000037C3BC /* BoltsSwift.framework */ = {isa = PBXFileReference; lastKnownFileType = wrapper.framework; path = BoltsSwift.framework; sourceTree = BUILT_PRODUCTS_DIR; };
		09A31C821E25C2890037C3BC /* SocketRocket.framework */ = {isa = PBXFileReference; lastKnownFileType = wrapper.framework; path = SocketRocket.framework; sourceTree = BUILT_PRODUCTS_DIR; };
		09A31C841E25C5100037C3BC /* Parse.framework */ = {isa = PBXFileReference; lastKnownFileType = wrapper.framework; path = Parse.framework; sourceTree = BUILT_PRODUCTS_DIR; };
		09A31C861E25C5710037C3BC /* SocketRocket.framework */ = {isa = PBXFileReference; lastKnownFileType = wrapper.framework; name = SocketRocket.framework; path = "../Release-iphoneos/SocketRocket.framework"; sourceTree = BUILT_PRODUCTS_DIR; };
		09A31C8A1E25C5C60037C3BC /* BoltsSwift.framework */ = {isa = PBXFileReference; lastKnownFileType = wrapper.framework; name = BoltsSwift.framework; path = "../Release-iphoneos/BoltsSwift.framework"; sourceTree = BUILT_PRODUCTS_DIR; };
		09C9FCDF1E25C99400369AA6 /* Bolts.framework */ = {isa = PBXFileReference; lastKnownFileType = wrapper.framework; name = Bolts.framework; path = "../Release-iphoneos/Bolts.framework"; sourceTree = BUILT_PRODUCTS_DIR; };
		09C9FCE11E25C9BA00369AA6 /* Bolts.framework */ = {isa = PBXFileReference; lastKnownFileType = wrapper.framework; path = Bolts.framework; sourceTree = BUILT_PRODUCTS_DIR; };
		09D80FD71E26BF0500AC7A2D /* libsqlite3.tbd */ = {isa = PBXFileReference; lastKnownFileType = "sourcecode.text-based-dylib-definition"; name = libsqlite3.tbd; path = Platforms/iPhoneOS.platform/Developer/SDKs/iPhoneOS10.2.sdk/usr/lib/libsqlite3.tbd; sourceTree = DEVELOPER_DIR; };
		09D80FD91E26BFAA00AC7A2D /* AudioToolbox.framework */ = {isa = PBXFileReference; lastKnownFileType = wrapper.framework; name = AudioToolbox.framework; path = Platforms/iPhoneOS.platform/Developer/SDKs/iPhoneOS10.2.sdk/System/Library/Frameworks/AudioToolbox.framework; sourceTree = DEVELOPER_DIR; };
		09D80FDB1E26C02600AC7A2D /* SystemConfiguration.framework */ = {isa = PBXFileReference; lastKnownFileType = wrapper.framework; name = SystemConfiguration.framework; path = Platforms/iPhoneOS.platform/Developer/SDKs/iPhoneOS10.2.sdk/System/Library/Frameworks/SystemConfiguration.framework; sourceTree = DEVELOPER_DIR; };
		09D80FDD1E26C03E00AC7A2D /* SystemConfiguration.framework */ = {isa = PBXFileReference; lastKnownFileType = wrapper.framework; name = SystemConfiguration.framework; path = System/Library/Frameworks/SystemConfiguration.framework; sourceTree = SDKROOT; };
		09D80FDF1E26C04800AC7A2D /* AudioToolbox.framework */ = {isa = PBXFileReference; lastKnownFileType = wrapper.framework; name = AudioToolbox.framework; path = System/Library/Frameworks/AudioToolbox.framework; sourceTree = SDKROOT; };
		09D80FE11E26C05200AC7A2D /* libsqlite3.tbd */ = {isa = PBXFileReference; lastKnownFileType = "sourcecode.text-based-dylib-definition"; name = libsqlite3.tbd; path = usr/lib/libsqlite3.tbd; sourceTree = SDKROOT; };
		F5256FD31BD71F9A0052FB8A /* Info.plist */ = {isa = PBXFileReference; lastKnownFileType = text.plist.xml; path = Info.plist; sourceTree = "<group>"; };
		F534A5B11BDAFE0200CBD11A /* Subscription.swift */ = {isa = PBXFileReference; fileEncoding = 4; lastKnownFileType = sourcecode.swift; path = Subscription.swift; sourceTree = "<group>"; };
		F534A5B31BDB09CE00CBD11A /* Operation.swift */ = {isa = PBXFileReference; fileEncoding = 4; lastKnownFileType = sourcecode.swift; path = Operation.swift; sourceTree = "<group>"; };
		F54D58B51C8E33D9009F8D6C /* ObjCCompat.swift */ = {isa = PBXFileReference; fileEncoding = 4; lastKnownFileType = sourcecode.swift; path = ObjCCompat.swift; sourceTree = "<group>"; };
		F54D58B71C8E3446009F8D6C /* ClientPrivate.swift */ = {isa = PBXFileReference; fileEncoding = 4; lastKnownFileType = sourcecode.swift; path = ClientPrivate.swift; sourceTree = "<group>"; };
		F54D58B91C8E345F009F8D6C /* BoltsHelpers.swift */ = {isa = PBXFileReference; fileEncoding = 4; lastKnownFileType = sourcecode.swift; path = BoltsHelpers.swift; sourceTree = "<group>"; };
		F5591BA31BD720E10072F966 /* Client.swift */ = {isa = PBXFileReference; fileEncoding = 4; lastKnownFileType = sourcecode.swift; path = Client.swift; sourceTree = "<group>"; };
		F5591BA91BD97BB70072F966 /* QueryEncoder.swift */ = {isa = PBXFileReference; fileEncoding = 4; lastKnownFileType = sourcecode.swift; path = QueryEncoder.swift; sourceTree = "<group>"; };
		F5903CEA1BD999C500C3EFFE /* ParseLiveQuery.framework */ = {isa = PBXFileReference; explicitFileType = wrapper.framework; includeInIndex = 0; path = ParseLiveQuery.framework; sourceTree = BUILT_PRODUCTS_DIR; };
		F59CA92E1C8E496200329737 /* Errors.swift */ = {isa = PBXFileReference; fileEncoding = 4; lastKnownFileType = sourcecode.swift; name = Errors.swift; path = Internal/Errors.swift; sourceTree = "<group>"; };
		F5A88F491C9B6EBA002F0E0D /* PFQuery+Subscribe.swift */ = {isa = PBXFileReference; fileEncoding = 4; lastKnownFileType = sourcecode.swift; path = "PFQuery+Subscribe.swift"; sourceTree = "<group>"; };
		F5A9BFCA1BE0248D00E78326 /* ParseLiveQuery.framework */ = {isa = PBXFileReference; explicitFileType = wrapper.framework; includeInIndex = 0; path = ParseLiveQuery.framework; sourceTree = BUILT_PRODUCTS_DIR; };
/* End PBXFileReference section */

/* Begin PBXFrameworksBuildPhase section */
		F5903CE61BD999C500C3EFFE /* Frameworks */ = {
			isa = PBXFrameworksBuildPhase;
			buildActionMask = 2147483647;
			files = (
				09D80FE21E26C05200AC7A2D /* libsqlite3.tbd in Frameworks */,
				09D80FE01E26C04800AC7A2D /* AudioToolbox.framework in Frameworks */,
				09D80FDE1E26C03E00AC7A2D /* SystemConfiguration.framework in Frameworks */,
				094AE9021E25AF3A00F408BC /* Foundation.framework in Frameworks */,
				09C9FCE41E25D08400369AA6 /* BoltsSwift.framework in Frameworks */,
				094AE9061E25AF5A00F408BC /* CFNetwork.framework in Frameworks */,
				09C9FCE51E25D08D00369AA6 /* SocketRocket.framework in Frameworks */,
				094AE9041E25AF4300F408BC /* Security.framework in Frameworks */,
				094AE9001E25AF3100F408BC /* libicucore.tbd in Frameworks */,
				09A31C851E25C5100037C3BC /* Parse.framework in Frameworks */,
				09C9FCE31E25D07B00369AA6 /* Bolts.framework in Frameworks */,
			);
			runOnlyForDeploymentPostprocessing = 0;
		};
		F5A9BFC01BE0248D00E78326 /* Frameworks */ = {
			isa = PBXFrameworksBuildPhase;
			buildActionMask = 2147483647;
			files = (
				09D80FDC1E26C02600AC7A2D /* SystemConfiguration.framework in Frameworks */,
				094AE8F61E25AE1C00F408BC /* Foundation.framework in Frameworks */,
				094AE8F41E25AE1100F408BC /* Security.framework in Frameworks */,
				094AE8F21E25AE0500F408BC /* CFNetwork.framework in Frameworks */,
				09D80FDA1E26BFAA00AC7A2D /* AudioToolbox.framework in Frameworks */,
				09D80FD81E26BF0500AC7A2D /* libsqlite3.tbd in Frameworks */,
				094AE8F01E25ADF300F408BC /* libicucore.tbd in Frameworks */,
				09D80FD41E26BCF500AC7A2D /* SocketRocket.framework in Frameworks */,
				09D80FD51E26BD7900AC7A2D /* Bolts.framework in Frameworks */,
				09D80FD61E26BD9100AC7A2D /* BoltsSwift.framework in Frameworks */,
				09D80FD11E26BC7800AC7A2D /* Parse.framework in Frameworks */,
			);
			runOnlyForDeploymentPostprocessing = 0;
		};
/* End PBXFrameworksBuildPhase section */

/* Begin PBXGroup section */
		090FFBA81E26F14F0010EC2E /* Products */ = {
			isa = PBXGroup;
			children = (
				090FFBB41E26F14F0010EC2E /* Parse.framework */,
				090FFBB61E26F14F0010EC2E /* Parse.framework */,
				090FFBB81E26F14F0010EC2E /* ParseUnitTests-iOS.xctest */,
				090FFBBA1E26F14F0010EC2E /* Parse.framework */,
				090FFBBC1E26F14F0010EC2E /* ParseUnitTests-macOS.xctest */,
				090FFBBE1E26F14F0010EC2E /* Parse.framework */,
				090FFBC01E26F14F0010EC2E /* Parse.framework */,
				090FFBC21E26F14F0010EC2E /* Parse.framework */,
				090FFBC41E26F14F0010EC2E /* Parse.framework */,
			);
			name = Products;
			sourceTree = "<group>";
		};
		0BD13CAB7945A6C1A2A7B613 /* Frameworks */ = {
			isa = PBXGroup;
			children = (
				09D80FDD1E26C03E00AC7A2D /* SystemConfiguration.framework */,
				09D80FDB1E26C02600AC7A2D /* SystemConfiguration.framework */,
				09D80FD91E26BFAA00AC7A2D /* AudioToolbox.framework */,
				09D80FDF1E26C04800AC7A2D /* AudioToolbox.framework */,
				09D80FD71E26BF0500AC7A2D /* libsqlite3.tbd */,
				09D80FE11E26C05200AC7A2D /* libsqlite3.tbd */,
				09C9FCDF1E25C99400369AA6 /* Bolts.framework */,
				09C9FCE11E25C9BA00369AA6 /* Bolts.framework */,
				09A31C8A1E25C5C60037C3BC /* BoltsSwift.framework */,
				09A31C7E1E25C2000037C3BC /* BoltsSwift.framework */,
				09A31C861E25C5710037C3BC /* SocketRocket.framework */,
				09A31C821E25C2890037C3BC /* SocketRocket.framework */,
				09A31C7A1E25C18E0037C3BC /* Parse.framework */,
				09A31C841E25C5100037C3BC /* Parse.framework */,
				094AE9011E25AF3A00F408BC /* Foundation.framework */,
				094AE8F51E25AE1C00F408BC /* Foundation.framework */,
				094AE9031E25AF4300F408BC /* Security.framework */,
				094AE8F31E25AE1100F408BC /* Security.framework */,
				094AE9051E25AF5A00F408BC /* CFNetwork.framework */,
				094AE8F11E25AE0500F408BC /* CFNetwork.framework */,
				094AE8FF1E25AF3100F408BC /* libicucore.tbd */,
				094AE8EF1E25ADF300F408BC /* libicucore.tbd */,
			);
			name = Frameworks;
			sourceTree = "<group>";
		};
		81464FC51CA31DA0000235E7 /* Resources */ = {
			isa = PBXGroup;
			children = (
				F5256FD31BD71F9A0052FB8A /* Info.plist */,
			);
			name = Resources;
			sourceTree = "<group>";
		};
		F5256FC41BD71F9A0052FB8A = {
			isa = PBXGroup;
			children = (
				F5256FD01BD71F9A0052FB8A /* ParseLiveQuery */,
				F5256FCF1BD71F9A0052FB8A /* Products */,
				090FFBA71E26F14F0010EC2E /* Parse.xcodeproj */,
				0BD13CAB7945A6C1A2A7B613 /* Frameworks */,
			);
			indentWidth = 4;
			sourceTree = "<group>";
			tabWidth = 4;
		};
		F5256FCF1BD71F9A0052FB8A /* Products */ = {
			isa = PBXGroup;
			children = (
				F5903CEA1BD999C500C3EFFE /* ParseLiveQuery.framework */,
				F5A9BFCA1BE0248D00E78326 /* ParseLiveQuery.framework */,
			);
			name = Products;
			sourceTree = "<group>";
		};
		F5256FD01BD71F9A0052FB8A /* ParseLiveQuery */ = {
			isa = PBXGroup;
			children = (
				F5DC9D381BD9BAFC00E8FF07 /* Internal */,
				F5591BA31BD720E10072F966 /* Client.swift */,
				F534A5B11BDAFE0200CBD11A /* Subscription.swift */,
				F54D58B51C8E33D9009F8D6C /* ObjCCompat.swift */,
				F59CA92E1C8E496200329737 /* Errors.swift */,
				0632EDD31CA1A6DB00DD3CB8 /* Parse+LiveQuery.swift */,
				F5A88F491C9B6EBA002F0E0D /* PFQuery+Subscribe.swift */,
				81464FC51CA31DA0000235E7 /* Resources */,
			);
			path = ParseLiveQuery;
			sourceTree = "<group>";
		};
		F5DC9D381BD9BAFC00E8FF07 /* Internal */ = {
			isa = PBXGroup;
			children = (
				F5591BA91BD97BB70072F966 /* QueryEncoder.swift */,
				F534A5B31BDB09CE00CBD11A /* Operation.swift */,
				F54D58B71C8E3446009F8D6C /* ClientPrivate.swift */,
				F54D58B91C8E345F009F8D6C /* BoltsHelpers.swift */,
			);
			path = Internal;
			sourceTree = "<group>";
		};
/* End PBXGroup section */

/* Begin PBXHeadersBuildPhase section */
		F5903CE71BD999C500C3EFFE /* Headers */ = {
			isa = PBXHeadersBuildPhase;
			buildActionMask = 2147483647;
			files = (
			);
			runOnlyForDeploymentPostprocessing = 0;
		};
		F5A9BFC31BE0248D00E78326 /* Headers */ = {
			isa = PBXHeadersBuildPhase;
			buildActionMask = 2147483647;
			files = (
			);
			runOnlyForDeploymentPostprocessing = 0;
		};
/* End PBXHeadersBuildPhase section */

/* Begin PBXNativeTarget section */
		F5903CE91BD999C500C3EFFE /* ParseLiveQuery-OSX */ = {
			isa = PBXNativeTarget;
			buildConfigurationList = F5903CEF1BD999C500C3EFFE /* Build configuration list for PBXNativeTarget "ParseLiveQuery-OSX" */;
			buildPhases = (
				F5903CE51BD999C500C3EFFE /* Sources */,
				F5903CE61BD999C500C3EFFE /* Frameworks */,
				F5903CE71BD999C500C3EFFE /* Headers */,
				F5903CE81BD999C500C3EFFE /* Resources */,
			);
			buildRules = (
			);
			dependencies = (
			);
			name = "ParseLiveQuery-OSX";
			productName = ParseLiveQuery;
			productReference = F5903CEA1BD999C500C3EFFE /* ParseLiveQuery.framework */;
			productType = "com.apple.product-type.framework";
		};
		F5A9BFB61BE0248D00E78326 /* ParseLiveQuery-iOS */ = {
			isa = PBXNativeTarget;
			buildConfigurationList = F5A9BFC71BE0248D00E78326 /* Build configuration list for PBXNativeTarget "ParseLiveQuery-iOS" */;
			buildPhases = (
				F5A9BFBA1BE0248D00E78326 /* Sources */,
				F5A9BFC01BE0248D00E78326 /* Frameworks */,
				F5A9BFC31BE0248D00E78326 /* Headers */,
				F5A9BFC51BE0248D00E78326 /* Resources */,
			);
			buildRules = (
			);
			dependencies = (
				090FFBC61E26F1730010EC2E /* PBXTargetDependency */,
			);
			name = "ParseLiveQuery-iOS";
			productName = ParseLiveQuery;
			productReference = F5A9BFCA1BE0248D00E78326 /* ParseLiveQuery.framework */;
			productType = "com.apple.product-type.framework";
		};
/* End PBXNativeTarget section */

/* Begin PBXProject section */
		F5256FC51BD71F9A0052FB8A /* Project object */ = {
			isa = PBXProject;
			attributes = {
				LastUpgradeCheck = 0800;
				ORGANIZATIONNAME = Parse;
				TargetAttributes = {
					F5903CE91BD999C500C3EFFE = {
						CreatedOnToolsVersion = 7.1;
						LastSwiftMigration = 0800;
					};
					F5A9BFB61BE0248D00E78326 = {
						LastSwiftMigration = 0800;
					};
				};
			};
			buildConfigurationList = F5256FC81BD71F9A0052FB8A /* Build configuration list for PBXProject "ParseLiveQuery" */;
			compatibilityVersion = "Xcode 3.2";
			developmentRegion = English;
			hasScannedForEncodings = 0;
			knownRegions = (
				en,
				Base,
			);
			mainGroup = F5256FC41BD71F9A0052FB8A;
			productRefGroup = F5256FCF1BD71F9A0052FB8A /* Products */;
			projectDirPath = "";
			projectReferences = (
				{
					ProductGroup = 090FFBA81E26F14F0010EC2E /* Products */;
					ProjectRef = 090FFBA71E26F14F0010EC2E /* Parse.xcodeproj */;
				},
			);
			projectRoot = "";
			targets = (
				F5A9BFB61BE0248D00E78326 /* ParseLiveQuery-iOS */,
				F5903CE91BD999C500C3EFFE /* ParseLiveQuery-OSX */,
			);
		};
/* End PBXProject section */

/* Begin PBXReferenceProxy section */
		090FFBB41E26F14F0010EC2E /* Parse.framework */ = {
			isa = PBXReferenceProxy;
			fileType = wrapper.framework;
			path = Parse.framework;
			remoteRef = 090FFBB31E26F14F0010EC2E /* PBXContainerItemProxy */;
			sourceTree = BUILT_PRODUCTS_DIR;
		};
		090FFBB61E26F14F0010EC2E /* Parse.framework */ = {
			isa = PBXReferenceProxy;
			fileType = wrapper.framework;
			path = Parse.framework;
			remoteRef = 090FFBB51E26F14F0010EC2E /* PBXContainerItemProxy */;
			sourceTree = BUILT_PRODUCTS_DIR;
		};
		090FFBB81E26F14F0010EC2E /* ParseUnitTests-iOS.xctest */ = {
			isa = PBXReferenceProxy;
			fileType = wrapper.cfbundle;
			path = "ParseUnitTests-iOS.xctest";
			remoteRef = 090FFBB71E26F14F0010EC2E /* PBXContainerItemProxy */;
			sourceTree = BUILT_PRODUCTS_DIR;
		};
		090FFBBA1E26F14F0010EC2E /* Parse.framework */ = {
			isa = PBXReferenceProxy;
			fileType = wrapper.framework;
			path = Parse.framework;
			remoteRef = 090FFBB91E26F14F0010EC2E /* PBXContainerItemProxy */;
			sourceTree = BUILT_PRODUCTS_DIR;
		};
		090FFBBC1E26F14F0010EC2E /* ParseUnitTests-macOS.xctest */ = {
			isa = PBXReferenceProxy;
			fileType = wrapper.cfbundle;
			path = "ParseUnitTests-macOS.xctest";
			remoteRef = 090FFBBB1E26F14F0010EC2E /* PBXContainerItemProxy */;
			sourceTree = BUILT_PRODUCTS_DIR;
		};
		090FFBBE1E26F14F0010EC2E /* Parse.framework */ = {
			isa = PBXReferenceProxy;
			fileType = wrapper.framework;
			path = Parse.framework;
			remoteRef = 090FFBBD1E26F14F0010EC2E /* PBXContainerItemProxy */;
			sourceTree = BUILT_PRODUCTS_DIR;
		};
		090FFBC01E26F14F0010EC2E /* Parse.framework */ = {
			isa = PBXReferenceProxy;
			fileType = wrapper.framework;
			path = Parse.framework;
			remoteRef = 090FFBBF1E26F14F0010EC2E /* PBXContainerItemProxy */;
			sourceTree = BUILT_PRODUCTS_DIR;
		};
		090FFBC21E26F14F0010EC2E /* Parse.framework */ = {
			isa = PBXReferenceProxy;
			fileType = wrapper.framework;
			path = Parse.framework;
			remoteRef = 090FFBC11E26F14F0010EC2E /* PBXContainerItemProxy */;
			sourceTree = BUILT_PRODUCTS_DIR;
		};
		090FFBC41E26F14F0010EC2E /* Parse.framework */ = {
			isa = PBXReferenceProxy;
			fileType = wrapper.framework;
			path = Parse.framework;
			remoteRef = 090FFBC31E26F14F0010EC2E /* PBXContainerItemProxy */;
			sourceTree = BUILT_PRODUCTS_DIR;
		};
/* End PBXReferenceProxy section */

/* Begin PBXResourcesBuildPhase section */
		F5903CE81BD999C500C3EFFE /* Resources */ = {
			isa = PBXResourcesBuildPhase;
			buildActionMask = 2147483647;
			files = (
			);
			runOnlyForDeploymentPostprocessing = 0;
		};
		F5A9BFC51BE0248D00E78326 /* Resources */ = {
			isa = PBXResourcesBuildPhase;
			buildActionMask = 2147483647;
			files = (
			);
			runOnlyForDeploymentPostprocessing = 0;
		};
/* End PBXResourcesBuildPhase section */

/* Begin PBXSourcesBuildPhase section */
		F5903CE51BD999C500C3EFFE /* Sources */ = {
			isa = PBXSourcesBuildPhase;
			buildActionMask = 2147483647;
			files = (
				F54D58B81C8E3446009F8D6C /* ClientPrivate.swift in Sources */,
				F5D965351BD99DA200C3AAFC /* Client.swift in Sources */,
				0632EDD51CA1A6DB00DD3CB8 /* Parse+LiveQuery.swift in Sources */,
				F54D58BA1C8E345F009F8D6C /* BoltsHelpers.swift in Sources */,
				F5D965381BD99DA200C3AAFC /* QueryEncoder.swift in Sources */,
				F534A5B21BDAFE0200CBD11A /* Subscription.swift in Sources */,
				F59CA92F1C8E496200329737 /* Errors.swift in Sources */,
				F534A5B41BDB09CE00CBD11A /* Operation.swift in Sources */,
				F5A88F4A1C9B6EBA002F0E0D /* PFQuery+Subscribe.swift in Sources */,
				4A819D9E1D93786A009C0F61 /* ObjCCompat.swift in Sources */,
			);
			runOnlyForDeploymentPostprocessing = 0;
		};
		F5A9BFBA1BE0248D00E78326 /* Sources */ = {
			isa = PBXSourcesBuildPhase;
			buildActionMask = 2147483647;
			files = (
				F5A88F531C9B7341002F0E0D /* Subscription.swift in Sources */,
				0632EDD41CA1A6DB00DD3CB8 /* Parse+LiveQuery.swift in Sources */,
				F5A88F511C9B7341002F0E0D /* BoltsHelpers.swift in Sources */,
				F5A88F501C9B7341002F0E0D /* ClientPrivate.swift in Sources */,
				F5A88F551C9B7341002F0E0D /* Errors.swift in Sources */,
				F5A88F4E1C9B7341002F0E0D /* QueryEncoder.swift in Sources */,
				F5A88F521C9B7341002F0E0D /* Client.swift in Sources */,
				F5A88F4F1C9B7341002F0E0D /* Operation.swift in Sources */,
				F5A88F561C9B7341002F0E0D /* PFQuery+Subscribe.swift in Sources */,
				4A819D9D1D937866009C0F61 /* ObjCCompat.swift in Sources */,
			);
			runOnlyForDeploymentPostprocessing = 0;
		};
/* End PBXSourcesBuildPhase section */

/* Begin PBXTargetDependency section */
		090FFBC61E26F1730010EC2E /* PBXTargetDependency */ = {
			isa = PBXTargetDependency;
			name = "Parse-iOS-Dynamic";
			targetProxy = 090FFBC51E26F1730010EC2E /* PBXContainerItemProxy */;
		};
/* End PBXTargetDependency section */

/* Begin XCBuildConfiguration section */
		F5256FE01BD71F9A0052FB8A /* Debug */ = {
			isa = XCBuildConfiguration;
			buildSettings = {
				ALWAYS_SEARCH_USER_PATHS = NO;
				CLANG_WARN_BOOL_CONVERSION = YES;
				CLANG_WARN_CONSTANT_CONVERSION = YES;
				CLANG_WARN_EMPTY_BODY = YES;
				CLANG_WARN_ENUM_CONVERSION = YES;
				CLANG_WARN_INFINITE_RECURSION = YES;
				CLANG_WARN_INT_CONVERSION = YES;
				CLANG_WARN_SUSPICIOUS_MOVE = YES;
				CLANG_WARN_UNREACHABLE_CODE = YES;
				CLANG_WARN__DUPLICATE_METHOD_MATCH = YES;
				ENABLE_STRICT_OBJC_MSGSEND = YES;
				ENABLE_TESTABILITY = YES;
				GCC_NO_COMMON_BLOCKS = YES;
				GCC_WARN_64_TO_32_BIT_CONVERSION = YES;
				GCC_WARN_ABOUT_RETURN_TYPE = YES;
				GCC_WARN_UNDECLARED_SELECTOR = YES;
				GCC_WARN_UNINITIALIZED_AUTOS = YES;
				GCC_WARN_UNUSED_FUNCTION = YES;
				GCC_WARN_UNUSED_VARIABLE = YES;
				IPHONEOS_DEPLOYMENT_TARGET = 8.0;
				MACOSX_DEPLOYMENT_TARGET = 10.10;
				ONLY_ACTIVE_ARCH = YES;
			};
			name = Debug;
		};
		F5256FE11BD71F9A0052FB8A /* Release */ = {
			isa = XCBuildConfiguration;
			buildSettings = {
				ALWAYS_SEARCH_USER_PATHS = NO;
				CLANG_WARN_BOOL_CONVERSION = YES;
				CLANG_WARN_CONSTANT_CONVERSION = YES;
				CLANG_WARN_EMPTY_BODY = YES;
				CLANG_WARN_ENUM_CONVERSION = YES;
				CLANG_WARN_INFINITE_RECURSION = YES;
				CLANG_WARN_INT_CONVERSION = YES;
				CLANG_WARN_SUSPICIOUS_MOVE = YES;
				CLANG_WARN_UNREACHABLE_CODE = YES;
				CLANG_WARN__DUPLICATE_METHOD_MATCH = YES;
				ENABLE_STRICT_OBJC_MSGSEND = YES;
				GCC_NO_COMMON_BLOCKS = YES;
				GCC_WARN_64_TO_32_BIT_CONVERSION = YES;
				GCC_WARN_ABOUT_RETURN_TYPE = YES;
				GCC_WARN_UNDECLARED_SELECTOR = YES;
				GCC_WARN_UNINITIALIZED_AUTOS = YES;
				GCC_WARN_UNUSED_FUNCTION = YES;
				GCC_WARN_UNUSED_VARIABLE = YES;
				IPHONEOS_DEPLOYMENT_TARGET = 8.0;
				MACOSX_DEPLOYMENT_TARGET = 10.10;
				SWIFT_OPTIMIZATION_LEVEL = "-Owholemodule";
			};
			name = Release;
		};
		F5903CF01BD999C500C3EFFE /* Debug */ = {
			isa = XCBuildConfiguration;
			buildSettings = {
				ALWAYS_EMBED_SWIFT_STANDARD_LIBRARIES = YES;
				CLANG_ENABLE_MODULES = YES;
				CODE_SIGNING_REQUIRED = NO;
				COMBINE_HIDPI_IMAGES = YES;
				DEFINES_MODULE = YES;
				DYLIB_COMPATIBILITY_VERSION = 1;
				DYLIB_CURRENT_VERSION = 1;
				DYLIB_INSTALL_NAME_BASE = "@rpath";
				FRAMEWORK_VERSION = A;
				INFOPLIST_FILE = ParseLiveQuery/Info.plist;
				INSTALL_PATH = "$(LOCAL_LIBRARY_DIR)/Frameworks";
				LD_RUNPATH_SEARCH_PATHS = "$(inherited) @executable_path/../Frameworks @loader_path/Frameworks";
				MACOSX_DEPLOYMENT_TARGET = 10.10;
				PRODUCT_BUNDLE_IDENTIFIER = com.parse.livequery.osx;
				PRODUCT_NAME = ParseLiveQuery;
				SDKROOT = macosx;
				SKIP_INSTALL = YES;
				SWIFT_OPTIMIZATION_LEVEL = "-Onone";
				SWIFT_VERSION = 3.0;
			};
			name = Debug;
		};
		F5903CF11BD999C500C3EFFE /* Release */ = {
			isa = XCBuildConfiguration;
			buildSettings = {
				ALWAYS_EMBED_SWIFT_STANDARD_LIBRARIES = YES;
				CLANG_ENABLE_MODULES = YES;
				CODE_SIGNING_REQUIRED = NO;
				COMBINE_HIDPI_IMAGES = YES;
				DEFINES_MODULE = YES;
				DYLIB_COMPATIBILITY_VERSION = 1;
				DYLIB_CURRENT_VERSION = 1;
				DYLIB_INSTALL_NAME_BASE = "@rpath";
				FRAMEWORK_VERSION = A;
				INFOPLIST_FILE = ParseLiveQuery/Info.plist;
				INSTALL_PATH = "$(LOCAL_LIBRARY_DIR)/Frameworks";
				LD_RUNPATH_SEARCH_PATHS = "$(inherited) @executable_path/../Frameworks @loader_path/Frameworks";
				MACOSX_DEPLOYMENT_TARGET = 10.10;
				PRODUCT_BUNDLE_IDENTIFIER = com.parse.livequery.osx;
				PRODUCT_NAME = ParseLiveQuery;
				SDKROOT = macosx;
				SKIP_INSTALL = YES;
				SWIFT_VERSION = 3.0;
			};
			name = Release;
		};
		F5A9BFC81BE0248D00E78326 /* Debug */ = {
			isa = XCBuildConfiguration;
			buildSettings = {
				ALWAYS_EMBED_SWIFT_STANDARD_LIBRARIES = NO;
				CLANG_ENABLE_MODULES = YES;
				CODE_SIGNING_REQUIRED = NO;
				DEFINES_MODULE = YES;
				DYLIB_COMPATIBILITY_VERSION = 1;
				DYLIB_CURRENT_VERSION = 1;
				DYLIB_INSTALL_NAME_BASE = "@rpath";
				FRAMEWORK_VERSION = A;
				INFOPLIST_FILE = ParseLiveQuery/Info.plist;
				INSTALL_PATH = "$(LOCAL_LIBRARY_DIR)/Frameworks";
				IPHONEOS_DEPLOYMENT_TARGET = 8.0;
				LD_RUNPATH_SEARCH_PATHS = "$(inherited) @executable_path/Frameworks @loader_path/Frameworks";
				LIBRARY_SEARCH_PATHS = "$(inherited)";
				PRODUCT_BUNDLE_IDENTIFIER = com.parse.livequery.ios;
				PRODUCT_NAME = ParseLiveQuery;
				SDKROOT = iphoneos;
				SKIP_INSTALL = YES;
				SWIFT_INSTALL_OBJC_HEADER = YES;
				SWIFT_OPTIMIZATION_LEVEL = "-Onone";
				SWIFT_VERSION = 3.0;
				TARGETED_DEVICE_FAMILY = "1,2";
			};
			name = Debug;
		};
		F5A9BFC91BE0248D00E78326 /* Release */ = {
			isa = XCBuildConfiguration;
			buildSettings = {
				ALWAYS_EMBED_SWIFT_STANDARD_LIBRARIES = NO;
				CLANG_ENABLE_MODULES = YES;
				CODE_SIGNING_REQUIRED = NO;
				DEFINES_MODULE = YES;
				DYLIB_COMPATIBILITY_VERSION = 1;
				DYLIB_CURRENT_VERSION = 1;
				DYLIB_INSTALL_NAME_BASE = "@rpath";
				FRAMEWORK_VERSION = A;
				INFOPLIST_FILE = ParseLiveQuery/Info.plist;
				INSTALL_PATH = "$(LOCAL_LIBRARY_DIR)/Frameworks";
				IPHONEOS_DEPLOYMENT_TARGET = 8.0;
				LD_RUNPATH_SEARCH_PATHS = "$(inherited) @executable_path/Frameworks @loader_path/Frameworks";
				LIBRARY_SEARCH_PATHS = "$(inherited)";
				PRODUCT_BUNDLE_IDENTIFIER = com.parse.livequery.ios;
				PRODUCT_NAME = ParseLiveQuery;
				SDKROOT = iphoneos;
				SKIP_INSTALL = YES;
				SWIFT_INSTALL_OBJC_HEADER = YES;
				SWIFT_VERSION = 3.0;
				TARGETED_DEVICE_FAMILY = "1,2";
			};
			name = Release;
		};
/* End XCBuildConfiguration section */

/* Begin XCConfigurationList section */
		F5256FC81BD71F9A0052FB8A /* Build configuration list for PBXProject "ParseLiveQuery" */ = {
			isa = XCConfigurationList;
			buildConfigurations = (
				F5256FE01BD71F9A0052FB8A /* Debug */,
				F5256FE11BD71F9A0052FB8A /* Release */,
			);
			defaultConfigurationIsVisible = 0;
			defaultConfigurationName = Release;
		};
		F5903CEF1BD999C500C3EFFE /* Build configuration list for PBXNativeTarget "ParseLiveQuery-OSX" */ = {
			isa = XCConfigurationList;
			buildConfigurations = (
				F5903CF01BD999C500C3EFFE /* Debug */,
				F5903CF11BD999C500C3EFFE /* Release */,
			);
			defaultConfigurationIsVisible = 0;
			defaultConfigurationName = Release;
		};
		F5A9BFC71BE0248D00E78326 /* Build configuration list for PBXNativeTarget "ParseLiveQuery-iOS" */ = {
			isa = XCConfigurationList;
			buildConfigurations = (
				F5A9BFC81BE0248D00E78326 /* Debug */,
				F5A9BFC91BE0248D00E78326 /* Release */,
			);
			defaultConfigurationIsVisible = 0;
			defaultConfigurationName = Release;
		};
/* End XCConfigurationList section */
	};
	rootObject = F5256FC51BD71F9A0052FB8A /* Project object */;
}
