PODS:
  - Bolts-Swift (1.0.0)
  - Bolts/Tasks (1.6.0)
  - Parse (1.13.0):
    - Bolts/Tasks (~> 1.6)
  - SocketRocket (0.5.0)

DEPENDENCIES:
  - Bolts-Swift
  - Parse
  - SocketRocket

SPEC CHECKSUMS:
  Bolts: f52a250053bb517ca874523c3913776359ab3def
  Bolts-Swift: 1b20170f1edf3568ec62142ea16ecdc369deced7
  Parse: f51c24d2feb412e4b2d6cc73d37cb24e8d0089bc
  SocketRocket: 2c51efccd2d73c99a923407ca4b06e7e9da95dbf

PODFILE CHECKSUM: b9a8e3333816abb217972f59b02783395bc8c2e2

COCOAPODS: 1.0.0.beta.6
